
Microsoft Visual Studio Solution File, Format Version 12.00
# Visual Studio 15
VisualStudioVersion = 15.0.26124.0
MinimumVisualStudioVersion = 15.0.26124.0
Project("{2150E333-8FDC-42A3-9474-1A3956D46DE8}") = "src", "src", "{AD04246A-AF37-4BA5-9F0D-79B6C1457AA8}"
EndProject
Project("{2150E333-8FDC-42A3-9474-1A3956D46DE8}") = "Judge", "Judge", "{74799011-9649-46C6-AA8A-1982513EC29B}"
EndProject
Project("{FAE04EC0-301F-11D3-BF4B-00C04F79EFBC}") = "Judge.API", "src\Judge\Judge.API\Judge.API.csproj", "{814E7B18-2B06-428A-98B6-7A5D3BE06B69}"
EndProject
Global
	GlobalSection(SolutionConfigurationPlatforms) = preSolution
		Debug|Any CPU = Debug|Any CPU
		Debug|x64 = Debug|x64
		Debug|x86 = Debug|x86
		Release|Any CPU = Release|Any CPU
		Release|x64 = Release|x64
		Release|x86 = Release|x86
	EndGlobalSection
	GlobalSection(SolutionProperties) = preSolution
		HideSolutionNode = FALSE
	EndGlobalSection
	GlobalSection(ProjectConfigurationPlatforms) = postSolution
		{814E7B18-2B06-428A-98B6-7A5D3BE06B69}.Debug|Any CPU.ActiveCfg = Debug|Any CPU
		{814E7B18-2B06-428A-98B6-7A5D3BE06B69}.Debug|Any CPU.Build.0 = Debug|Any CPU
		{814E7B18-2B06-428A-98B6-7A5D3BE06B69}.Debug|x64.ActiveCfg = Debug|x64
		{814E7B18-2B06-428A-98B6-7A5D3BE06B69}.Debug|x64.Build.0 = Debug|x64
		{814E7B18-2B06-428A-98B6-7A5D3BE06B69}.Debug|x86.ActiveCfg = Debug|x86
		{814E7B18-2B06-428A-98B6-7A5D3BE06B69}.Debug|x86.Build.0 = Debug|x86
		{814E7B18-2B06-428A-98B6-7A5D3BE06B69}.Release|Any CPU.ActiveCfg = Release|Any CPU
		{814E7B18-2B06-428A-98B6-7A5D3BE06B69}.Release|Any CPU.Build.0 = Release|Any CPU
		{814E7B18-2B06-428A-98B6-7A5D3BE06B69}.Release|x64.ActiveCfg = Release|x64
		{814E7B18-2B06-428A-98B6-7A5D3BE06B69}.Release|x64.Build.0 = Release|x64
		{814E7B18-2B06-428A-98B6-7A5D3BE06B69}.Release|x86.ActiveCfg = Release|x86
		{814E7B18-2B06-428A-98B6-7A5D3BE06B69}.Release|x86.Build.0 = Release|x86
	EndGlobalSection
	GlobalSection(NestedProjects) = preSolution
		{74799011-9649-46C6-AA8A-1982513EC29B} = {AD04246A-AF37-4BA5-9F0D-79B6C1457AA8}
		{814E7B18-2B06-428A-98B6-7A5D3BE06B69} = {74799011-9649-46C6-AA8A-1982513EC29B}
	EndGlobalSection
EndGlobal
